
Microsoft Visual Studio Solution File, Format Version 12.00
# Visual Studio Version 17
VisualStudioVersion = 17.8.34330.188
MinimumVisualStudioVersion = 10.0.40219.1
Project("{FAE04EC0-301F-11D3-BF4B-00C04F79EFBC}") = "SchoolClassProject", "SchoolClassProject\SchoolClassProject.csproj", "{98935D6B-0588-45BF-B670-7BF236C9D96E}"
EndProject
Project("{FAE04EC0-301F-11D3-BF4B-00C04F79EFBC}") = "SchoolClassProjectTests", "SchoolClassProjectTests\SchoolClassProjectTests.csproj", "{B11F4A86-2A73-4E91-825C-DDA8B4E2B288}"
EndProject
Global
	GlobalSection(SolutionConfigurationPlatforms) = preSolution
		Debug|Any CPU = Debug|Any CPU
		Release|Any CPU = Release|Any CPU
	EndGlobalSection
	GlobalSection(ProjectConfigurationPlatforms) = postSolution
		{98935D6B-0588-45BF-B670-7BF236C9D96E}.Debug|Any CPU.ActiveCfg = Debug|Any CPU
		{98935D6B-0588-45BF-B670-7BF236C9D96E}.Debug|Any CPU.Build.0 = Debug|Any CPU
		{98935D6B-0588-45BF-B670-7BF236C9D96E}.Release|Any CPU.ActiveCfg = Release|Any CPU
		{98935D6B-0588-45BF-B670-7BF236C9D96E}.Release|Any CPU.Build.0 = Release|Any CPU
		{B11F4A86-2A73-4E91-825C-DDA8B4E2B288}.Debug|Any CPU.ActiveCfg = Debug|Any CPU
		{B11F4A86-2A73-4E91-825C-DDA8B4E2B288}.Debug|Any CPU.Build.0 = Debug|Any CPU
		{B11F4A86-2A73-4E91-825C-DDA8B4E2B288}.Release|Any CPU.ActiveCfg = Release|Any CPU
		{B11F4A86-2A73-4E91-825C-DDA8B4E2B288}.Release|Any CPU.Build.0 = Release|Any CPU
	EndGlobalSection
	GlobalSection(SolutionProperties) = preSolution
		HideSolutionNode = FALSE
	EndGlobalSection
	GlobalSection(ExtensibilityGlobals) = postSolution
		SolutionGuid = {FE30ADE4-2D90-4843-A6AC-C51F5024C2B0}
	EndGlobalSection
EndGlobal
